
Microsoft Visual Studio Solution File, Format Version 12.00
# Visual Studio 15
VisualStudioVersion = 15.0.28307.329
MinimumVisualStudioVersion = 10.0.40219.1
Project("{E24C65DC-7377-472B-9ABA-BC803B73C61A}") = "3Wish_Server", "3Wish_Server\", "{8BBFBECC-9DAD-4D96-A8D8-DFFBFD2E8438}"
	ProjectSection(WebsiteProperties) = preProject
		TargetFrameworkMoniker = ".NETFramework,Version%3Dv4.6.1"
		Debug.AspNetCompiler.VirtualPath = "/localhost_2700"
		Debug.AspNetCompiler.PhysicalPath = "3Wish_Server\"
		Debug.AspNetCompiler.TargetPath = "PrecompiledWeb\localhost_2700\"
		Debug.AspNetCompiler.Updateable = "true"
		Debug.AspNetCompiler.ForceOverwrite = "true"
		Debug.AspNetCompiler.FixedNames = "false"
		Debug.AspNetCompiler.Debug = "True"
		Release.AspNetCompiler.VirtualPath = "/localhost_2700"
		Release.AspNetCompiler.PhysicalPath = "3Wish_Server\"
		Release.AspNetCompiler.TargetPath = "PrecompiledWeb\localhost_2700\"
		Release.AspNetCompiler.Updateable = "true"
		Release.AspNetCompiler.ForceOverwrite = "true"
		Release.AspNetCompiler.FixedNames = "false"
		Release.AspNetCompiler.Debug = "False"
		VWDPort = "2700"
		SlnRelativePath = "3Wish_Server\"
		DefaultWebSiteLanguage = "Visual C#"
	EndProjectSection
EndProject
Global
	GlobalSection(SolutionConfigurationPlatforms) = preSolution
		Debug|Any CPU = Debug|Any CPU
	EndGlobalSection
	GlobalSection(ProjectConfigurationPlatforms) = postSolution
		{8BBFBECC-9DAD-4D96-A8D8-DFFBFD2E8438}.Debug|Any CPU.ActiveCfg = Debug|Any CPU
		{8BBFBECC-9DAD-4D96-A8D8-DFFBFD2E8438}.Debug|Any CPU.Build.0 = Debug|Any CPU
	EndGlobalSection
	GlobalSection(SolutionProperties) = preSolution
		HideSolutionNode = FALSE
	EndGlobalSection
	GlobalSection(ExtensibilityGlobals) = postSolution
		SolutionGuid = {826F0EFF-211E-411F-ACCA-82B1C856580F}
	EndGlobalSection
EndGlobal
